{
  "name": "server",
  "lockfileVersion": 3,
  "requires": true,
  "packages": {
    "": {
      "dependencies": {
        "abd-stream-server": "file:.."
      }
    },
    "..": {
      "name": "abd-stream-server",
      "version": "1.0.0",
      "dependencies": {
        "axios": "^1.11.0",
        "dotenv": "^17.2.1",
        "express": "^4.19.2",
        "ws": "^8.18.0"
      }
    },
    "node_modules/abd-stream-server": {
      "resolved": "..",
      "link": true
    }
  }
}
